
Microsoft Visual Studio Solution File, Format Version 12.00
# Visual Studio Version 17
VisualStudioVersion = 17.0.31912.275
MinimumVisualStudioVersion = 10.0.40219.1
Project("{54A90642-561A-4BB1-A94E-469ADEE60C69}") = "vxs-words", "vxs-words\vxs-words.esproj", "{C3ECED87-0970-4D6D-BC05-D2A26072F280}"
EndProject
Global
	GlobalSection(SolutionConfigurationPlatforms) = preSolution
		Debug|Any CPU = Debug|Any CPU
		Release|Any CPU = Release|Any CPU
	EndGlobalSection
	GlobalSection(ProjectConfigurationPlatforms) = postSolution
		{C3ECED87-0970-4D6D-BC05-D2A26072F280}.Debug|Any CPU.ActiveCfg = Debug|Any CPU
		{C3ECED87-0970-4D6D-BC05-D2A26072F280}.Debug|Any CPU.Build.0 = Debug|Any CPU
		{C3ECED87-0970-4D6D-BC05-D2A26072F280}.Debug|Any CPU.Deploy.0 = Debug|Any CPU
		{C3ECED87-0970-4D6D-BC05-D2A26072F280}.Release|Any CPU.ActiveCfg = Release|Any CPU
		{C3ECED87-0970-4D6D-BC05-D2A26072F280}.Release|Any CPU.Build.0 = Release|Any CPU
		{C3ECED87-0970-4D6D-BC05-D2A26072F280}.Release|Any CPU.Deploy.0 = Release|Any CPU
	EndGlobalSection
	GlobalSection(SolutionProperties) = preSolution
		HideSolutionNode = FALSE
	EndGlobalSection
	GlobalSection(ExtensibilityGlobals) = postSolution
		SolutionGuid = {A49DBC79-3D01-4F63-BEB7-C52CBF57A865}
	EndGlobalSection
EndGlobal
